// !$*UTF8*$!
{
	archiveVersion = 1;
	classes = {
	};
	objectVersion = 46;
	objects = {

/* Begin PBXBuildFile section */
		9F02E77218D3E010003A172F /* GLViewController.m in Sources */ = {isa = PBXBuildFile; fileRef = 9F02E77118D3E010003A172F /* GLViewController.m */; };
		9F02E77518D3E018003A172F /* UIImage+BytesToImage.m in Sources */ = {isa = PBXBuildFile; fileRef = 9F02E77418D3E018003A172F /* UIImage+BytesToImage.m */; };
		9F38592118D14FA60071F40F /* Foundation.framework in Frameworks */ = {isa = PBXBuildFile; fileRef = 9F38592018D14FA60071F40F /* Foundation.framework */; };
		9F38592318D14FA60071F40F /* CoreGraphics.framework in Frameworks */ = {isa = PBXBuildFile; fileRef = 9F38592218D14FA60071F40F /* CoreGraphics.framework */; };
		9F38592518D14FA60071F40F /* UIKit.framework in Frameworks */ = {isa = PBXBuildFile; fileRef = 9F38592418D14FA60071F40F /* UIKit.framework */; };
		9F38592B18D14FA60071F40F /* InfoPlist.strings in Resources */ = {isa = PBXBuildFile; fileRef = 9F38592918D14FA60071F40F /* InfoPlist.strings */; };
		9F38592D18D14FA60071F40F /* main.m in Sources */ = {isa = PBXBuildFile; fileRef = 9F38592C18D14FA60071F40F /* main.m */; };
		9F38593118D14FA60071F40F /* AppDelegate.m in Sources */ = {isa = PBXBuildFile; fileRef = 9F38593018D14FA60071F40F /* AppDelegate.m */; };
		9F38593318D14FA60071F40F /* Images.xcassets in Resources */ = {isa = PBXBuildFile; fileRef = 9F38593218D14FA60071F40F /* Images.xcassets */; };
		9F38593A18D14FA60071F40F /* XCTest.framework in Frameworks */ = {isa = PBXBuildFile; fileRef = 9F38593918D14FA60071F40F /* XCTest.framework */; };
		9F38593B18D14FA60071F40F /* Foundation.framework in Frameworks */ = {isa = PBXBuildFile; fileRef = 9F38592018D14FA60071F40F /* Foundation.framework */; };
		9F38593C18D14FA60071F40F /* UIKit.framework in Frameworks */ = {isa = PBXBuildFile; fileRef = 9F38592418D14FA60071F40F /* UIKit.framework */; };
		9F38594418D14FA60071F40F /* InfoPlist.strings in Resources */ = {isa = PBXBuildFile; fileRef = 9F38594218D14FA60071F40F /* InfoPlist.strings */; };
		9F38594618D14FA60071F40F /* OpenGLDemoTests.m in Sources */ = {isa = PBXBuildFile; fileRef = 9F38594518D14FA60071F40F /* OpenGLDemoTests.m */; };
		9F38595418D1807A0071F40F /* GLView.m in Sources */ = {isa = PBXBuildFile; fileRef = 9F38595318D1807A0071F40F /* GLView.m */; };
		9F38595918D19FBD0071F40F /* OpenGLES.framework in Frameworks */ = {isa = PBXBuildFile; fileRef = 9F38595818D19FBD0071F40F /* OpenGLES.framework */; };
		9F38595B18D1A00D0071F40F /* QuartzCore.framework in Frameworks */ = {isa = PBXBuildFile; fileRef = 9F38595A18D1A00D0071F40F /* QuartzCore.framework */; };
/* End PBXBuildFile section */

/* Begin PBXContainerItemProxy section */
		9F38593D18D14FA60071F40F /* PBXContainerItemProxy */ = {
			isa = PBXContainerItemProxy;
			containerPortal = 9F38591518D14FA60071F40F /* Project object */;
			proxyType = 1;
			remoteGlobalIDString = 9F38591C18D14FA60071F40F;
			remoteInfo = OpenGLDemo;
		};
/* End PBXContainerItemProxy section */

/* Begin PBXFileReference section */
		9F02E77018D3E010003A172F /* GLViewController.h */ = {isa = PBXFileReference; fileEncoding = 4; lastKnownFileType = sourcecode.c.h; path = GLViewController.h; sourceTree = "<group>"; };
		9F02E77118D3E010003A172F /* GLViewController.m */ = {isa = PBXFileReference; fileEncoding = 4; lastKnownFileType = sourcecode.c.objc; path = GLViewController.m; sourceTree = "<group>"; };
		9F02E77318D3E018003A172F /* UIImage+BytesToImage.h */ = {isa = PBXFileReference; fileEncoding = 4; lastKnownFileType = sourcecode.c.h; path = "UIImage+BytesToImage.h"; sourceTree = "<group>"; };
		9F02E77418D3E018003A172F /* UIImage+BytesToImage.m */ = {isa = PBXFileReference; fileEncoding = 4; lastKnownFileType = sourcecode.c.objc; path = "UIImage+BytesToImage.m"; sourceTree = "<group>"; };
		9F02E77618D3E01E003A172F /* Constants.h */ = {isa = PBXFileReference; lastKnownFileType = sourcecode.c.h; path = Constants.h; sourceTree = "<group>"; };
		9F38591D18D14FA60071F40F /* OpenGLESDemo.app */ = {isa = PBXFileReference; explicitFileType = wrapper.application; includeInIndex = 0; path = OpenGLESDemo.app; sourceTree = BUILT_PRODUCTS_DIR; };
		9F38592018D14FA60071F40F /* Foundation.framework */ = {isa = PBXFileReference; lastKnownFileType = wrapper.framework; name = Foundation.framework; path = System/Library/Frameworks/Foundation.framework; sourceTree = SDKROOT; };
		9F38592218D14FA60071F40F /* CoreGraphics.framework */ = {isa = PBXFileReference; lastKnownFileType = wrapper.framework; name = CoreGraphics.framework; path = System/Library/Frameworks/CoreGraphics.framework; sourceTree = SDKROOT; };
		9F38592418D14FA60071F40F /* UIKit.framework */ = {isa = PBXFileReference; lastKnownFileType = wrapper.framework; name = UIKit.framework; path = System/Library/Frameworks/UIKit.framework; sourceTree = SDKROOT; };
		9F38592818D14FA60071F40F /* OpenGLESDemo-Info.plist */ = {isa = PBXFileReference; lastKnownFileType = text.plist.xml; path = "OpenGLESDemo-Info.plist"; sourceTree = "<group>"; };
		9F38592A18D14FA60071F40F /* en */ = {isa = PBXFileReference; lastKnownFileType = text.plist.strings; name = en; path = en.lproj/InfoPlist.strings; sourceTree = "<group>"; };
		9F38592C18D14FA60071F40F /* main.m */ = {isa = PBXFileReference; lastKnownFileType = sourcecode.c.objc; path = main.m; sourceTree = "<group>"; };
		9F38592E18D14FA60071F40F /* OpenGLESDemo-Prefix.pch */ = {isa = PBXFileReference; lastKnownFileType = sourcecode.c.h; path = "OpenGLESDemo-Prefix.pch"; sourceTree = "<group>"; };
		9F38592F18D14FA60071F40F /* AppDelegate.h */ = {isa = PBXFileReference; lastKnownFileType = sourcecode.c.h; path = AppDelegate.h; sourceTree = "<group>"; };
		9F38593018D14FA60071F40F /* AppDelegate.m */ = {isa = PBXFileReference; lastKnownFileType = sourcecode.c.objc; path = AppDelegate.m; sourceTree = "<group>"; };
		9F38593218D14FA60071F40F /* Images.xcassets */ = {isa = PBXFileReference; lastKnownFileType = folder.assetcatalog; path = Images.xcassets; sourceTree = "<group>"; };
		9F38593818D14FA60071F40F /* OpenGLESDemoTests.xctest */ = {isa = PBXFileReference; explicitFileType = wrapper.cfbundle; includeInIndex = 0; path = OpenGLESDemoTests.xctest; sourceTree = BUILT_PRODUCTS_DIR; };
		9F38593918D14FA60071F40F /* XCTest.framework */ = {isa = PBXFileReference; lastKnownFileType = wrapper.framework; name = XCTest.framework; path = Library/Frameworks/XCTest.framework; sourceTree = DEVELOPER_DIR; };
		9F38594118D14FA60071F40F /* OpenGLESDemoTests-Info.plist */ = {isa = PBXFileReference; lastKnownFileType = text.plist.xml; path = "OpenGLESDemoTests-Info.plist"; sourceTree = "<group>"; };
		9F38594318D14FA60071F40F /* en */ = {isa = PBXFileReference; lastKnownFileType = text.plist.strings; name = en; path = en.lproj/InfoPlist.strings; sourceTree = "<group>"; };
		9F38594518D14FA60071F40F /* OpenGLDemoTests.m */ = {isa = PBXFileReference; lastKnownFileType = sourcecode.c.objc; path = OpenGLDemoTests.m; sourceTree = "<group>"; };
		9F38595218D1807A0071F40F /* GLView.h */ = {isa = PBXFileReference; fileEncoding = 4; lastKnownFileType = sourcecode.c.h; path = GLView.h; sourceTree = "<group>"; };
		9F38595318D1807A0071F40F /* GLView.m */ = {isa = PBXFileReference; fileEncoding = 4; lastKnownFileType = sourcecode.c.objc; path = GLView.m; sourceTree = "<group>"; };
		9F38595818D19FBD0071F40F /* OpenGLES.framework */ = {isa = PBXFileReference; lastKnownFileType = wrapper.framework; name = OpenGLES.framework; path = Platforms/iPhoneOS.platform/Developer/SDKs/iPhoneOS6.1.sdk/System/Library/Frameworks/OpenGLES.framework; sourceTree = DEVELOPER_DIR; };
		9F38595A18D1A00D0071F40F /* QuartzCore.framework */ = {isa = PBXFileReference; lastKnownFileType = wrapper.framework; name = QuartzCore.framework; path = Platforms/iPhoneOS.platform/Developer/SDKs/iPhoneOS6.1.sdk/System/Library/Frameworks/QuartzCore.framework; sourceTree = DEVELOPER_DIR; };
/* End PBXFileReference section */

/* Begin PBXFrameworksBuildPhase section */
		9F38591A18D14FA60071F40F /* Frameworks */ = {
			isa = PBXFrameworksBuildPhase;
			buildActionMask = 2147483647;
			files = (
				9F38595B18D1A00D0071F40F /* QuartzCore.framework in Frameworks */,
				9F38595918D19FBD0071F40F /* OpenGLES.framework in Frameworks */,
				9F38592318D14FA60071F40F /* CoreGraphics.framework in Frameworks */,
				9F38592518D14FA60071F40F /* UIKit.framework in Frameworks */,
				9F38592118D14FA60071F40F /* Foundation.framework in Frameworks */,
			);
			runOnlyForDeploymentPostprocessing = 0;
		};
		9F38593518D14FA60071F40F /* Frameworks */ = {
			isa = PBXFrameworksBuildPhase;
			buildActionMask = 2147483647;
			files = (
				9F38593A18D14FA60071F40F /* XCTest.framework in Frameworks */,
				9F38593C18D14FA60071F40F /* UIKit.framework in Frameworks */,
				9F38593B18D14FA60071F40F /* Foundation.framework in Frameworks */,
			);
			runOnlyForDeploymentPostprocessing = 0;
		};
/* End PBXFrameworksBuildPhase section */

/* Begin PBXGroup section */
		9F38591418D14FA60071F40F = {
			isa = PBXGroup;
			children = (
				9F38592618D14FA60071F40F /* OpenGLDemo */,
				9F38593F18D14FA60071F40F /* OpenGLDemoTests */,
				9F38591F18D14FA60071F40F /* Frameworks */,
				9F38591E18D14FA60071F40F /* Products */,
			);
			sourceTree = "<group>";
		};
		9F38591E18D14FA60071F40F /* Products */ = {
			isa = PBXGroup;
			children = (
				9F38591D18D14FA60071F40F /* OpenGLESDemo.app */,
				9F38593818D14FA60071F40F /* OpenGLESDemoTests.xctest */,
			);
			name = Products;
			sourceTree = "<group>";
		};
		9F38591F18D14FA60071F40F /* Frameworks */ = {
			isa = PBXGroup;
			children = (
				9F38595A18D1A00D0071F40F /* QuartzCore.framework */,
				9F38595818D19FBD0071F40F /* OpenGLES.framework */,
				9F38592018D14FA60071F40F /* Foundation.framework */,
				9F38592218D14FA60071F40F /* CoreGraphics.framework */,
				9F38592418D14FA60071F40F /* UIKit.framework */,
				9F38593918D14FA60071F40F /* XCTest.framework */,
			);
			name = Frameworks;
			sourceTree = "<group>";
		};
		9F38592618D14FA60071F40F /* OpenGLDemo */ = {
			isa = PBXGroup;
			children = (
				9F38592F18D14FA60071F40F /* AppDelegate.h */,
				9F38593018D14FA60071F40F /* AppDelegate.m */,
				9F02E77018D3E010003A172F /* GLViewController.h */,
				9F02E77118D3E010003A172F /* GLViewController.m */,
				9F38595218D1807A0071F40F /* GLView.h */,
				9F38595318D1807A0071F40F /* GLView.m */,
				9F02E77618D3E01E003A172F /* Constants.h */,
				9F02E77318D3E018003A172F /* UIImage+BytesToImage.h */,
				9F02E77418D3E018003A172F /* UIImage+BytesToImage.m */,
				9F38593218D14FA60071F40F /* Images.xcassets */,
				9F38592718D14FA60071F40F /* Supporting Files */,
			);
			path = OpenGLDemo;
			sourceTree = "<group>";
		};
		9F38592718D14FA60071F40F /* Supporting Files */ = {
			isa = PBXGroup;
			children = (
				9F38592818D14FA60071F40F /* OpenGLESDemo-Info.plist */,
				9F38592918D14FA60071F40F /* InfoPlist.strings */,
				9F38592C18D14FA60071F40F /* main.m */,
				9F38592E18D14FA60071F40F /* OpenGLESDemo-Prefix.pch */,
			);
			name = "Supporting Files";
			sourceTree = "<group>";
		};
		9F38593F18D14FA60071F40F /* OpenGLDemoTests */ = {
			isa = PBXGroup;
			children = (
				9F38594518D14FA60071F40F /* OpenGLDemoTests.m */,
				9F38594018D14FA60071F40F /* Supporting Files */,
			);
			path = OpenGLDemoTests;
			sourceTree = "<group>";
		};
		9F38594018D14FA60071F40F /* Supporting Files */ = {
			isa = PBXGroup;
			children = (
				9F38594118D14FA60071F40F /* OpenGLESDemoTests-Info.plist */,
				9F38594218D14FA60071F40F /* InfoPlist.strings */,
			);
			name = "Supporting Files";
			sourceTree = "<group>";
		};
/* End PBXGroup section */

/* Begin PBXNativeTarget section */
		9F38591C18D14FA60071F40F /* OpenGLESDemo */ = {
			isa = PBXNativeTarget;
			buildConfigurationList = 9F38594918D14FA60071F40F /* Build configuration list for PBXNativeTarget "OpenGLESDemo" */;
			buildPhases = (
				9F38591918D14FA60071F40F /* Sources */,
				9F38591A18D14FA60071F40F /* Frameworks */,
				9F38591B18D14FA60071F40F /* Resources */,
			);
			buildRules = (
			);
			dependencies = (
			);
			name = OpenGLESDemo;
			productName = OpenGLDemo;
			productReference = 9F38591D18D14FA60071F40F /* OpenGLESDemo.app */;
			productType = "com.apple.product-type.application";
		};
		9F38593718D14FA60071F40F /* OpenGLESDemoTests */ = {
			isa = PBXNativeTarget;
			buildConfigurationList = 9F38594C18D14FA60071F40F /* Build configuration list for PBXNativeTarget "OpenGLESDemoTests" */;
			buildPhases = (
				9F38593418D14FA60071F40F /* Sources */,
				9F38593518D14FA60071F40F /* Frameworks */,
				9F38593618D14FA60071F40F /* Resources */,
			);
			buildRules = (
			);
			dependencies = (
				9F38593E18D14FA60071F40F /* PBXTargetDependency */,
			);
			name = OpenGLESDemoTests;
			productName = OpenGLDemoTests;
			productReference = 9F38593818D14FA60071F40F /* OpenGLESDemoTests.xctest */;
			productType = "com.apple.product-type.bundle.unit-test";
		};
/* End PBXNativeTarget section */

/* Begin PBXProject section */
		9F38591518D14FA60071F40F /* Project object */ = {
			isa = PBXProject;
			attributes = {
				LastUpgradeCheck = 0510;
				ORGANIZATIONNAME = Originate;
				TargetAttributes = {
					9F38593718D14FA60071F40F = {
						TestTargetID = 9F38591C18D14FA60071F40F;
					};
				};
			};
			buildConfigurationList = 9F38591818D14FA60071F40F /* Build configuration list for PBXProject "OpenGLESDemo" */;
			compatibilityVersion = "Xcode 3.2";
			developmentRegion = English;
			hasScannedForEncodings = 0;
			knownRegions = (
				en,
			);
			mainGroup = 9F38591418D14FA60071F40F;
			productRefGroup = 9F38591E18D14FA60071F40F /* Products */;
			projectDirPath = "";
			projectRoot = "";
			targets = (
				9F38591C18D14FA60071F40F /* OpenGLESDemo */,
				9F38593718D14FA60071F40F /* OpenGLESDemoTests */,
			);
		};
/* End PBXProject section */

/* Begin PBXResourcesBuildPhase section */
		9F38591B18D14FA60071F40F /* Resources */ = {
			isa = PBXResourcesBuildPhase;
			buildActionMask = 2147483647;
			files = (
				9F38592B18D14FA60071F40F /* InfoPlist.strings in Resources */,
				9F38593318D14FA60071F40F /* Images.xcassets in Resources */,
			);
			runOnlyForDeploymentPostprocessing = 0;
		};
		9F38593618D14FA60071F40F /* Resources */ = {
			isa = PBXResourcesBuildPhase;
			buildActionMask = 2147483647;
			files = (
				9F38594418D14FA60071F40F /* InfoPlist.strings in Resources */,
			);
			runOnlyForDeploymentPostprocessing = 0;
		};
/* End PBXResourcesBuildPhase section */

/* Begin PBXSourcesBuildPhase section */
		9F38591918D14FA60071F40F /* Sources */ = {
			isa = PBXSourcesBuildPhase;
			buildActionMask = 2147483647;
			files = (
				9F38593118D14FA60071F40F /* AppDelegate.m in Sources */,
				9F02E77218D3E010003A172F /* GLViewController.m in Sources */,
				9F38595418D1807A0071F40F /* GLView.m in Sources */,
				9F02E77518D3E018003A172F /* UIImage+BytesToImage.m in Sources */,
				9F38592D18D14FA60071F40F /* main.m in Sources */,
			);
			runOnlyForDeploymentPostprocessing = 0;
		};
		9F38593418D14FA60071F40F /* Sources */ = {
			isa = PBXSourcesBuildPhase;
			buildActionMask = 2147483647;
			files = (
				9F38594618D14FA60071F40F /* OpenGLDemoTests.m in Sources */,
			);
			runOnlyForDeploymentPostprocessing = 0;
		};
/* End PBXSourcesBuildPhase section */

/* Begin PBXTargetDependency section */
		9F38593E18D14FA60071F40F /* PBXTargetDependency */ = {
			isa = PBXTargetDependency;
			target = 9F38591C18D14FA60071F40F /* OpenGLESDemo */;
			targetProxy = 9F38593D18D14FA60071F40F /* PBXContainerItemProxy */;
		};
/* End PBXTargetDependency section */

/* Begin PBXVariantGroup section */
		9F38592918D14FA60071F40F /* InfoPlist.strings */ = {
			isa = PBXVariantGroup;
			children = (
				9F38592A18D14FA60071F40F /* en */,
			);
			name = InfoPlist.strings;
			sourceTree = "<group>";
		};
		9F38594218D14FA60071F40F /* InfoPlist.strings */ = {
			isa = PBXVariantGroup;
			children = (
				9F38594318D14FA60071F40F /* en */,
			);
			name = InfoPlist.strings;
			sourceTree = "<group>";
		};
/* End PBXVariantGroup section */

/* Begin XCBuildConfiguration section */
		9F38594718D14FA60071F40F /* Debug */ = {
			isa = XCBuildConfiguration;
			buildSettings = {
				ALWAYS_SEARCH_USER_PATHS = NO;
				CLANG_CXX_LANGUAGE_STANDARD = "gnu++0x";
				CLANG_CXX_LIBRARY = "libc++";
				CLANG_ENABLE_MODULES = YES;
				CLANG_ENABLE_OBJC_ARC = YES;
				CLANG_WARN_BOOL_CONVERSION = YES;
				CLANG_WARN_CONSTANT_CONVERSION = YES;
				CLANG_WARN_DIRECT_OBJC_ISA_USAGE = YES_ERROR;
				CLANG_WARN_EMPTY_BODY = YES;
				CLANG_WARN_ENUM_CONVERSION = YES;
				CLANG_WARN_INT_CONVERSION = YES;
				CLANG_WARN_OBJC_ROOT_CLASS = YES_ERROR;
				CLANG_WARN__DUPLICATE_METHOD_MATCH = YES;
				"CODE_SIGN_IDENTITY[sdk=iphoneos*]" = "iPhone Developer";
				COPY_PHASE_STRIP = NO;
				GCC_C_LANGUAGE_STANDARD = gnu99;
				GCC_DYNAMIC_NO_PIC = NO;
				GCC_OPTIMIZATION_LEVEL = 0;
				GCC_PREPROCESSOR_DEFINITIONS = (
					"DEBUG=1",
					"$(inherited)",
				);
				GCC_SYMBOLS_PRIVATE_EXTERN = NO;
				GCC_WARN_64_TO_32_BIT_CONVERSION = YES;
				GCC_WARN_ABOUT_RETURN_TYPE = YES_ERROR;
				GCC_WARN_UNDECLARED_SELECTOR = YES;
				GCC_WARN_UNINITIALIZED_AUTOS = YES_AGGRESSIVE;
				GCC_WARN_UNUSED_FUNCTION = YES;
				GCC_WARN_UNUSED_VARIABLE = YES;
				IPHONEOS_DEPLOYMENT_TARGET = 6.1;
				ONLY_ACTIVE_ARCH = YES;
				SDKROOT = iphoneos;
			};
			name = Debug;
		};
		9F38594818D14FA60071F40F /* Release */ = {
			isa = XCBuildConfiguration;
			buildSettings = {
				ALWAYS_SEARCH_USER_PATHS = NO;
				CLANG_CXX_LANGUAGE_STANDARD = "gnu++0x";
				CLANG_CXX_LIBRARY = "libc++";
				CLANG_ENABLE_MODULES = YES;
				CLANG_ENABLE_OBJC_ARC = YES;
				CLANG_WARN_BOOL_CONVERSION = YES;
				CLANG_WARN_CONSTANT_CONVERSION = YES;
				CLANG_WARN_DIRECT_OBJC_ISA_USAGE = YES_ERROR;
				CLANG_WARN_EMPTY_BODY = YES;
				CLANG_WARN_ENUM_CONVERSION = YES;
				CLANG_WARN_INT_CONVERSION = YES;
				CLANG_WARN_OBJC_ROOT_CLASS = YES_ERROR;
				CLANG_WARN__DUPLICATE_METHOD_MATCH = YES;
				"CODE_SIGN_IDENTITY[sdk=iphoneos*]" = "iPhone Developer";
				COPY_PHASE_STRIP = YES;
				ENABLE_NS_ASSERTIONS = NO;
				GCC_C_LANGUAGE_STANDARD = gnu99;
				GCC_WARN_64_TO_32_BIT_CONVERSION = YES;
				GCC_WARN_ABOUT_RETURN_TYPE = YES_ERROR;
				GCC_WARN_UNDECLARED_SELECTOR = YES;
				GCC_WARN_UNINITIALIZED_AUTOS = YES_AGGRESSIVE;
				GCC_WARN_UNUSED_FUNCTION = YES;
				GCC_WARN_UNUSED_VARIABLE = YES;
				IPHONEOS_DEPLOYMENT_TARGET = 6.1;
				SDKROOT = iphoneos;
				VALIDATE_PRODUCT = YES;
			};
			name = Release;
		};
		9F38594A18D14FA60071F40F /* Debug */ = {
			isa = XCBuildConfiguration;
			buildSettings = {
				ASSETCATALOG_COMPILER_APPICON_NAME = AppIcon;
				ASSETCATALOG_COMPILER_LAUNCHIMAGE_NAME = LaunchImage;
				GCC_PRECOMPILE_PREFIX_HEADER = YES;
				GCC_PREFIX_HEADER = "OpenGLDemo/OpenGLESDemo-Prefix.pch";
				INFOPLIST_FILE = "OpenGLDemo/OpenGLESDemo-Info.plist";
				IPHONEOS_DEPLOYMENT_TARGET = 6.1;
				PRODUCT_NAME = OpenGLESDemo;
				SDKROOT = iphoneos6.1;
				WRAPPER_EXTENSION = app;
			};
			name = Debug;
		};
		9F38594B18D14FA60071F40F /* Release */ = {
			isa = XCBuildConfiguration;
			buildSettings = {
				ASSETCATALOG_COMPILER_APPICON_NAME = AppIcon;
				ASSETCATALOG_COMPILER_LAUNCHIMAGE_NAME = LaunchImage;
				GCC_PRECOMPILE_PREFIX_HEADER = YES;
				GCC_PREFIX_HEADER = "OpenGLDemo/OpenGLESDemo-Prefix.pch";
				INFOPLIST_FILE = "OpenGLDemo/OpenGLESDemo-Info.plist";
				IPHONEOS_DEPLOYMENT_TARGET = 6.1;
				PRODUCT_NAME = OpenGLESDemo;
				SDKROOT = iphoneos6.1;
				WRAPPER_EXTENSION = app;
			};
			name = Release;
		};
		9F38594D18D14FA60071F40F /* Debug */ = {
			isa = XCBuildConfiguration;
			buildSettings = {
				BUNDLE_LOADER = "$(BUILT_PRODUCTS_DIR)/OpenGLDemo.app/OpenGLDemo";
				FRAMEWORK_SEARCH_PATHS = (
					"$(SDKROOT)/Developer/Library/Frameworks",
					"$(inherited)",
					"$(DEVELOPER_FRAMEWORKS_DIR)",
				);
				GCC_PRECOMPILE_PREFIX_HEADER = YES;
				GCC_PREFIX_HEADER = "OpenGLDemo/OpenGLDemo-Prefix.pch";
				GCC_PREPROCESSOR_DEFINITIONS = (
					"DEBUG=1",
					"$(inherited)",
				);
				INFOPLIST_FILE = "OpenGLDemoTests/OpenGLESDemoTests-Info.plist";
				IPHONEOS_DEPLOYMENT_TARGET = 6.1;
				PRODUCT_NAME = OpenGLESDemoTests;
				SDKROOT = iphoneos;
				TEST_HOST = "$(BUNDLE_LOADER)";
				WRAPPER_EXTENSION = xctest;
			};
			name = Debug;
		};
		9F38594E18D14FA60071F40F /* Release */ = {
			isa = XCBuildConfiguration;
			buildSettings = {
				BUNDLE_LOADER = "$(BUILT_PRODUCTS_DIR)/OpenGLDemo.app/OpenGLDemo";
				FRAMEWORK_SEARCH_PATHS = (
					"$(SDKROOT)/Developer/Library/Frameworks",
					"$(inherited)",
					"$(DEVELOPER_FRAMEWORKS_DIR)",
				);
				GCC_PRECOMPILE_PREFIX_HEADER = YES;
				GCC_PREFIX_HEADER = "OpenGLDemo/OpenGLDemo-Prefix.pch";
				INFOPLIST_FILE = "OpenGLDemoTests/OpenGLESDemoTests-Info.plist";
				IPHONEOS_DEPLOYMENT_TARGET = 6.1;
				PRODUCT_NAME = OpenGLESDemoTests;
				SDKROOT = iphoneos;
				TEST_HOST = "$(BUNDLE_LOADER)";
				WRAPPER_EXTENSION = xctest;
			};
			name = Release;
		};
/* End XCBuildConfiguration section */

/* Begin XCConfigurationList section */
		9F38591818D14FA60071F40F /* Build configuration list for PBXProject "OpenGLESDemo" */ = {
			isa = XCConfigurationList;
			buildConfigurations = (
				9F38594718D14FA60071F40F /* Debug */,
				9F38594818D14FA60071F40F /* Release */,
			);
			defaultConfigurationIsVisible = 0;
			defaultConfigurationName = Release;
		};
		9F38594918D14FA60071F40F /* Build configuration list for PBXNativeTarget "OpenGLESDemo" */ = {
			isa = XCConfigurationList;
			buildConfigurations = (
				9F38594A18D14FA60071F40F /* Debug */,
				9F38594B18D14FA60071F40F /* Release */,
			);
			defaultConfigurationIsVisible = 0;
			defaultConfigurationName = Release;
		};
		9F38594C18D14FA60071F40F /* Build configuration list for PBXNativeTarget "OpenGLESDemoTests" */ = {
			isa = XCConfigurationList;
			buildConfigurations = (
				9F38594D18D14FA60071F40F /* Debug */,
				9F38594E18D14FA60071F40F /* Release */,
			);
			defaultConfigurationIsVisible = 0;
			defaultConfigurationName = Release;
		};
/* End XCConfigurationList section */
	};
	rootObject = 9F38591518D14FA60071F40F /* Project object */;
}
